
Microsoft Visual Studio Solution File, Format Version 12.00
Project("{FAE04EC0-301F-11D3-BF4B-00C04F79EFBC}") = "ch1seL.Microsoft.Extensions.Caching.Abstraction", "ch1seL.Microsoft.Extensions.Caching.Abstraction\ch1seL.Microsoft.Extensions.Caching.Abstraction.csproj", "{255D9479-0723-4330-9D63-4E2123E8E1B8}"
EndProject
Project("{FAE04EC0-301F-11D3-BF4B-00C04F79EFBC}") = "ch1seL.Microsoft.Extensions.Caching.StackExchangeRedis.RedLockNet", "ch1seL.Microsoft.Extensions.Caching.StackExchangeRedis.RedLockNet\ch1seL.Microsoft.Extensions.Caching.StackExchangeRedis.RedLockNet.csproj", "{D2E1E239-954A-4685-8B68-64225C326476}"
EndProject
Global
	GlobalSection(SolutionConfigurationPlatforms) = preSolution
		Debug|Any CPU = Debug|Any CPU
		Release|Any CPU = Release|Any CPU
	EndGlobalSection
	GlobalSection(ProjectConfigurationPlatforms) = postSolution
		{255D9479-0723-4330-9D63-4E2123E8E1B8}.Debug|Any CPU.ActiveCfg = Debug|Any CPU
		{255D9479-0723-4330-9D63-4E2123E8E1B8}.Debug|Any CPU.Build.0 = Debug|Any CPU
		{255D9479-0723-4330-9D63-4E2123E8E1B8}.Release|Any CPU.ActiveCfg = Release|Any CPU
		{255D9479-0723-4330-9D63-4E2123E8E1B8}.Release|Any CPU.Build.0 = Release|Any CPU
		{D2E1E239-954A-4685-8B68-64225C326476}.Debug|Any CPU.ActiveCfg = Debug|Any CPU
		{D2E1E239-954A-4685-8B68-64225C326476}.Debug|Any CPU.Build.0 = Debug|Any CPU
		{D2E1E239-954A-4685-8B68-64225C326476}.Release|Any CPU.ActiveCfg = Release|Any CPU
		{D2E1E239-954A-4685-8B68-64225C326476}.Release|Any CPU.Build.0 = Release|Any CPU
	EndGlobalSection
EndGlobal
