
Microsoft Visual Studio Solution File, Format Version 12.00
Project("{2150E333-8FDC-42A3-9474-1A3956D46DE8}") = "src", "src", "{AA3FA77D-B187-41A1-95A9-8BC93CCF79D8}"
EndProject
Project("{FAE04EC0-301F-11D3-BF4B-00C04F79EFBC}") = "ch1seL.DistributedLock.Abstraction", "src\ch1seL.DistributedLock.Abstraction\ch1seL.DistributedLock.Abstraction.csproj", "{503205F0-5FC4-4077-B1BF-C31FE5F73AF4}"
EndProject
Project("{FAE04EC0-301F-11D3-BF4B-00C04F79EFBC}") = "ch1seL.DistributedLock.RedisLock", "src\ch1seL.DistributedLock.RedisLock\ch1seL.DistributedLock.RedisLock.csproj", "{B6A2354F-5B7D-47D0-B029-DF83250C8B39}"
EndProject
Project("{2150E333-8FDC-42A3-9474-1A3956D46DE8}") = "tests", "tests", "{39D66201-7B93-42C7-9238-75A061910D17}"
EndProject
Project("{2150E333-8FDC-42A3-9474-1A3956D46DE8}") = "samples", "samples", "{FEE5FD0A-A224-47AC-9EE4-27E57AE257AD}"
EndProject
Project("{FAE04EC0-301F-11D3-BF4B-00C04F79EFBC}") = "WorkerService", "samples\WorkerService\WorkerService.csproj", "{AB41BCED-968A-44FF-97AB-4513A16ECE70}"
EndProject
Project("{FAE04EC0-301F-11D3-BF4B-00C04F79EFBC}") = "ch1seL.DistributedLock.MemoryLock", "src\ch1seL.DistributedLock.MemoryLock\ch1seL.DistributedLock.MemoryLock.csproj", "{9645AEF1-4CD4-4394-9DFF-E2E34B6A7E15}"
EndProject
Project("{FAE04EC0-301F-11D3-BF4B-00C04F79EFBC}") = "ch1seL.DistributedLock.Tests", "tests\ch1seL.DistributedLock.Tests\ch1seL.DistributedLock.Tests.csproj", "{FA6CB315-7660-40A3-96A8-F52E7EEEEDF5}"
EndProject
Global
	GlobalSection(SolutionConfigurationPlatforms) = preSolution
		Debug|Any CPU = Debug|Any CPU
		Release|Any CPU = Release|Any CPU
	EndGlobalSection
	GlobalSection(ProjectConfigurationPlatforms) = postSolution
		{503205F0-5FC4-4077-B1BF-C31FE5F73AF4}.Debug|Any CPU.ActiveCfg = Debug|Any CPU
		{503205F0-5FC4-4077-B1BF-C31FE5F73AF4}.Debug|Any CPU.Build.0 = Debug|Any CPU
		{503205F0-5FC4-4077-B1BF-C31FE5F73AF4}.Release|Any CPU.ActiveCfg = Release|Any CPU
		{503205F0-5FC4-4077-B1BF-C31FE5F73AF4}.Release|Any CPU.Build.0 = Release|Any CPU
		{B6A2354F-5B7D-47D0-B029-DF83250C8B39}.Debug|Any CPU.ActiveCfg = Debug|Any CPU
		{B6A2354F-5B7D-47D0-B029-DF83250C8B39}.Debug|Any CPU.Build.0 = Debug|Any CPU
		{B6A2354F-5B7D-47D0-B029-DF83250C8B39}.Release|Any CPU.ActiveCfg = Release|Any CPU
		{B6A2354F-5B7D-47D0-B029-DF83250C8B39}.Release|Any CPU.Build.0 = Release|Any CPU
		{AB41BCED-968A-44FF-97AB-4513A16ECE70}.Debug|Any CPU.ActiveCfg = Debug|Any CPU
		{AB41BCED-968A-44FF-97AB-4513A16ECE70}.Debug|Any CPU.Build.0 = Debug|Any CPU
		{AB41BCED-968A-44FF-97AB-4513A16ECE70}.Release|Any CPU.ActiveCfg = Release|Any CPU
		{AB41BCED-968A-44FF-97AB-4513A16ECE70}.Release|Any CPU.Build.0 = Release|Any CPU
		{9645AEF1-4CD4-4394-9DFF-E2E34B6A7E15}.Debug|Any CPU.ActiveCfg = Debug|Any CPU
		{9645AEF1-4CD4-4394-9DFF-E2E34B6A7E15}.Debug|Any CPU.Build.0 = Debug|Any CPU
		{9645AEF1-4CD4-4394-9DFF-E2E34B6A7E15}.Release|Any CPU.ActiveCfg = Release|Any CPU
		{9645AEF1-4CD4-4394-9DFF-E2E34B6A7E15}.Release|Any CPU.Build.0 = Release|Any CPU
		{FA6CB315-7660-40A3-96A8-F52E7EEEEDF5}.Debug|Any CPU.ActiveCfg = Debug|Any CPU
		{FA6CB315-7660-40A3-96A8-F52E7EEEEDF5}.Debug|Any CPU.Build.0 = Debug|Any CPU
		{FA6CB315-7660-40A3-96A8-F52E7EEEEDF5}.Release|Any CPU.ActiveCfg = Release|Any CPU
		{FA6CB315-7660-40A3-96A8-F52E7EEEEDF5}.Release|Any CPU.Build.0 = Release|Any CPU
	EndGlobalSection
	GlobalSection(NestedProjects) = preSolution
		{503205F0-5FC4-4077-B1BF-C31FE5F73AF4} = {AA3FA77D-B187-41A1-95A9-8BC93CCF79D8}
		{B6A2354F-5B7D-47D0-B029-DF83250C8B39} = {AA3FA77D-B187-41A1-95A9-8BC93CCF79D8}
		{AB41BCED-968A-44FF-97AB-4513A16ECE70} = {FEE5FD0A-A224-47AC-9EE4-27E57AE257AD}
		{9645AEF1-4CD4-4394-9DFF-E2E34B6A7E15} = {AA3FA77D-B187-41A1-95A9-8BC93CCF79D8}
		{FA6CB315-7660-40A3-96A8-F52E7EEEEDF5} = {39D66201-7B93-42C7-9238-75A061910D17}
	EndGlobalSection
EndGlobal
